{"1.2.0",
[{<<"barrel_mcp">>,{pkg,<<"barrel_mcp">>,<<"2.2.4">>},1},
 {<<"certifi">>,{pkg,<<"certifi">>,<<"2.17.0">>},2},
 {<<"erlydtl">>,{pkg,<<"erlydtl">>,<<"0.14.0">>},0},
 {<<"h1">>,{pkg,<<"erlang_h1">>,<<"0.7.1">>},1},
 {<<"h2">>,{pkg,<<"h2">>,<<"0.10.4">>},1},
 {<<"hackney">>,{pkg,<<"hackney">>,<<"4.5.1">>},1},
 {<<"idna">>,{pkg,<<"idna">>,<<"7.1.0">>},2},
 {<<"instrument">>,{pkg,<<"instrument">>,<<"1.1.4">>},1},
 {<<"livery">>,{pkg,<<"livery">>,<<"0.5.1">>},0},
 {<<"mimerl">>,{pkg,<<"mimerl">>,<<"1.5.0">>},1},
 {<<"parse_trans">>,{pkg,<<"parse_trans">>,<<"3.4.2">>},2},
 {<<"quic">>,{pkg,<<"quic">>,<<"1.6.5">>},1},
 {<<"ssl_verify_fun">>,{pkg,<<"ssl_verify_fun">>,<<"1.1.7">>},2},
 {<<"webtransport">>,{pkg,<<"webtransport">>,<<"0.4.3">>},1},
 {<<"ws">>,{pkg,<<"erlang_ws">>,<<"0.3.0">>},1}]}.
[
{pkg_hash,[
 {<<"barrel_mcp">>, <<"6C5B93BDD6740B1F8838E0B2127AFCAFEBCD4464C1C0F4A728F05A0D8EE321AF">>},
 {<<"certifi">>, <<"835748414307E15E05B17D0E518190228CE648B08D569A5CC93A85A40F3E5C9B">>},
 {<<"erlydtl">>, <<"964B2DC84F8C17ACFAA69C59BA129EF26AC45D2BA898C3C6AD9B5BDC8BA13CED">>},
 {<<"h1">>, <<"95FB2E8048574F717D9AB96BBC6D9000BC09DBF253621C0B5D78443C886C7539">>},
 {<<"h2">>, <<"31EF580056E19977B6542EEA2718AA19A45841205CD82CD48535DD7683CAEA4C">>},
 {<<"hackney">>, <<"DA887B6B98FB96547FB98888F64188F7123213EBE5EC2C1F61BBFC733B82E91A">>},
 {<<"idna">>, <<"1067A13043538129602D2F2CE6899D8713125C7D19734AA557CE2E3EA55BD4F1">>},
 {<<"instrument">>, <<"1B9B5C232BDF9840C1E2D617A1912660CFEECD84A012BDCEC5907C712DFFA717">>},
 {<<"livery">>, <<"1FCC0736D2496D6E0F0F3D8206874DCA499088010467E789182A8D91B3BAF650">>},
 {<<"mimerl">>, <<"F35ACA6F23242339B3666E0AC0702379E362B469D0AEA167F6CC713547E777ED">>},
 {<<"parse_trans">>, <<"C352DDC1A0D5E54F9B1654D45F9C432EEF76F9CEA371C55DDFF769EF688FDB74">>},
 {<<"quic">>, <<"28B7D49C1732B2DE3861701BB03AE7798537240552370AC49F0D139D2EA8F621">>},
 {<<"ssl_verify_fun">>, <<"354C321CF377240C7B8716899E182CE4890C5938111A1296ADD3EC74CF1715DF">>},
 {<<"webtransport">>, <<"DF0C53DA138CDC5F3390A31EF612CAA3A041C23E18C1A0B6FBD4D72743277806">>},
 {<<"ws">>, <<"6778E82A478FF6D205C14E5F17883447CF8BF4919E2C4F811FE3BE263635E37D">>}]},
{pkg_hash_ext,[
 {<<"barrel_mcp">>, <<"EDAA531BB6E41A444735E7C9A79F4B0E7A8F35A941E189C1DAD77783E83E52B6">>},
 {<<"certifi">>, <<"8122798A17F0293C80DAADA25D0F81C7F4D708C73FEF782C7C9B1950E26E4D21">>},
 {<<"erlydtl">>, <<"D80EC044CD8F58809C19D29AC5605BE09E955040911B644505E31E9DD8143431">>},
 {<<"h1">>, <<"D78D5713CF877A11DE601D8D68378C847F6E976CBF3069033B995D6D56891434">>},
 {<<"h2">>, <<"8350920AC7C259FB759A2830D3CE0DD248C48422A031D1760BEBDD2020FA30A9">>},
 {<<"hackney">>, <<"A08018074CE55A332BA982EA47403473D2D4640F4F79A62BCA8FB203DCA4243E">>},
 {<<"idna">>, <<"6AE959A025BF36DF61A8CAB8508D9654891B5426A84C44D82DEAFFD6DDF8C71F">>},
 {<<"instrument">>, <<"BBC0153D92EBCB1BF655A8B78C3CBA0C2FE3AB0BE060630CCEA11B6B1397D554">>},
 {<<"livery">>, <<"91E1B07D9244694FFFDDAB4EA9CACE0BC79ED7E6610D4EE7BA03AD5D1C28712F">>},
 {<<"mimerl">>, <<"DB648CE065BAE14EA84CA8B5DD123F42F49417CEF693541110BF6F9E9BE9ECC4">>},
 {<<"parse_trans">>, <<"4C25347DE3B7C35732D32E69AB43D1CEEE0BEAE3F3B3ADE1B59CBD3DD224D9CA">>},
 {<<"quic">>, <<"DE1A88972C33201A50D1A17C8C4A14528BD1D8F25EF705897D680AE312D0AA78">>},
 {<<"ssl_verify_fun">>, <<"FE4C190E8F37401D30167C8C405EDA19469F34577987C76DDE613E838BBC67F8">>},
 {<<"webtransport">>, <<"3AE8C76696CDB56BEE3CAF1DD853A0A596339886468CA17C578A9BFD647DAB9D">>},
 {<<"ws">>, <<"4F6FA9DFBDB49D27B6407F7ED5EA34F09499892079A9E5BED7389E352FFC80C5">>}]}
].
